
Microsoft Visual Studio Solution File, Format Version 12.00
# Visual Studio Version 17
VisualStudioVersion = 17.3.32901.215
MinimumVisualStudioVersion = 10.0.40219.1
Project("{888888A0-9F3D-457C-B088-3A5042F75D52}") = "HomeWork_GB_Python_05", "HomeWork_GB_Python_05\HomeWork_GB_Python_05.pyproj", "{AFB5AF2E-50E0-47EF-A133-6A3492C83691}"
EndProject
Global
	GlobalSection(SolutionConfigurationPlatforms) = preSolution
		Debug|Any CPU = Debug|Any CPU
		Release|Any CPU = Release|Any CPU
	EndGlobalSection
	GlobalSection(ProjectConfigurationPlatforms) = postSolution
		{AFB5AF2E-50E0-47EF-A133-6A3492C83691}.Debug|Any CPU.ActiveCfg = Debug|Any CPU
		{AFB5AF2E-50E0-47EF-A133-6A3492C83691}.Release|Any CPU.ActiveCfg = Release|Any CPU
	EndGlobalSection
	GlobalSection(SolutionProperties) = preSolution
		HideSolutionNode = FALSE
	EndGlobalSection
	GlobalSection(ExtensibilityGlobals) = postSolution
		SolutionGuid = {B6071261-088F-4342-9BA6-4C9BC2313053}
	EndGlobalSection
EndGlobal
